<?xml version="1.0" encoding="utf-8"?>
<Project ToolsVersion="4.0" xmlns="http://schemas.microsoft.com/developer/msbuild/2003">
  <ItemGroup>
    <ClCompile Include="cp_connection.cpp">
      <Filter>crypto_proxy_connection</Filter>
    </ClCompile>
    <ClCompile Include="crypto_courier.cpp">
      <Filter>crypto_courier</Filter>
    </ClCompile>
    <ClCompile Include="exception.cpp">
      <Filter>exception</Filter>
    </ClCompile>
    <ClCompile Include="rsa.cpp">
      <Filter>rsa</Filter>
    </ClCompile>
    <ClCompile Include="aes.cpp">
      <Filter>aes</Filter>
    </ClCompile>
    <ClCompile Include="evp_context.cpp">
      <Filter>evp_context</Filter>
    </ClCompile>
  </ItemGroup>
  <ItemGroup>
    <ClInclude Include="cp_connection.h">
      <Filter>crypto_proxy_connection</Filter>
    </ClInclude>
    <ClInclude Include="crypto_courier.h">
      <Filter>crypto_courier</Filter>
    </ClInclude>
    <ClInclude Include="exception.h">
      <Filter>exception</Filter>
    </ClInclude>
    <ClInclude Include="bytes.h" />
    <ClInclude Include="rsa.h">
      <Filter>rsa</Filter>
    </ClInclude>
    <ClInclude Include="aes.h">
      <Filter>aes</Filter>
    </ClInclude>
    <ClInclude Include="operation.h" />
    <ClInclude Include="mode.h" />
    <ClInclude Include="evp_context.h">
      <Filter>evp_context</Filter>
    </ClInclude>
  </ItemGroup>
  <ItemGroup>
    <Filter Include="crypto_proxy_connection">
      <UniqueIdentifier>{b68626d6-d717-4419-9aea-53e53f8fd0aa}</UniqueIdentifier>
    </Filter>
    <Filter Include="crypto_courier">
      <UniqueIdentifier>{0af3790c-07f3-4a7e-9fc9-8596b28f33de}</UniqueIdentifier>
    </Filter>
    <Filter Include="exception">
      <UniqueIdentifier>{971450e6-ef7b-4e20-be7c-c39a15119aa3}</UniqueIdentifier>
    </Filter>
    <Filter Include="rsa">
      <UniqueIdentifier>{2fcf6f8f-e19d-426e-9dc0-9db54689f9dc}</UniqueIdentifier>
    </Filter>
    <Filter Include="aes">
      <UniqueIdentifier>{83d8f8b6-285b-4090-90ac-7a7efa034dc7}</UniqueIdentifier>
    </Filter>
    <Filter Include="evp_context">
      <UniqueIdentifier>{6cb9795c-97ba-4aa5-bb6f-fd77b615cf1b}</UniqueIdentifier>
    </Filter>
  </ItemGroup>
</Project>